// !$*UTF8*$!
{
	archiveVersion = 1;
	classes = {
	};
	objectVersion = 48;
	objects = {

/* Begin PBXBuildFile section */
		866A136F206379350008EB94 /* Feature.swift in Sources */ = {isa = PBXBuildFile; fileRef = 866A136E206379350008EB94 /* Feature.swift */; };
		866A13732063805A0008EB94 /* Propertie.swift in Sources */ = {isa = PBXBuildFile; fileRef = 866A13722063805A0008EB94 /* Propertie.swift */; };
		866A1375206380700008EB94 /* Geometry.swift in Sources */ = {isa = PBXBuildFile; fileRef = 866A1374206380700008EB94 /* Geometry.swift */; };
		866A13772063823D0008EB94 /* Coordinate.swift in Sources */ = {isa = PBXBuildFile; fileRef = 866A13762063823D0008EB94 /* Coordinate.swift */; };
		866A13792063AE670008EB94 /* Earthquake.swift in Sources */ = {isa = PBXBuildFile; fileRef = 866A13782063AE670008EB94 /* Earthquake.swift */; };
		86715D5120625EE8004A7EAD /* AppDelegate.swift in Sources */ = {isa = PBXBuildFile; fileRef = 86715D5020625EE8004A7EAD /* AppDelegate.swift */; };
		86715D5620625EE8004A7EAD /* Main.storyboard in Resources */ = {isa = PBXBuildFile; fileRef = 86715D5420625EE8004A7EAD /* Main.storyboard */; };
		86715D5820625EE8004A7EAD /* Assets.xcassets in Resources */ = {isa = PBXBuildFile; fileRef = 86715D5720625EE8004A7EAD /* Assets.xcassets */; };
		86715D5B20625EE8004A7EAD /* LaunchScreen.storyboard in Resources */ = {isa = PBXBuildFile; fileRef = 86715D5920625EE8004A7EAD /* LaunchScreen.storyboard */; };
		86715D6F20628C6E004A7EAD /* EMHomeViewController.swift in Sources */ = {isa = PBXBuildFile; fileRef = 86715D6E20628C6E004A7EAD /* EMHomeViewController.swift */; };
		86715D73206296BC004A7EAD /* Constants.swift in Sources */ = {isa = PBXBuildFile; fileRef = 86715D72206296BC004A7EAD /* Constants.swift */; };
		86715D772062AD56004A7EAD /* EarthquakeCell.swift in Sources */ = {isa = PBXBuildFile; fileRef = 86715D762062AD56004A7EAD /* EarthquakeCell.swift */; };
		86715D792062AD6B004A7EAD /* MapCell.swift in Sources */ = {isa = PBXBuildFile; fileRef = 86715D782062AD6B004A7EAD /* MapCell.swift */; };
		86715D7B2062ADFC004A7EAD /* EMMapViewController.swift in Sources */ = {isa = PBXBuildFile; fileRef = 86715D7A2062ADFC004A7EAD /* EMMapViewController.swift */; };
		D69A9BB4F050FABC146AC94D /* Pods_EarthquakeMaker.framework in Frameworks */ = {isa = PBXBuildFile; fileRef = C8C79A6988D58DE0DC56975C /* Pods_EarthquakeMaker.framework */; };
/* End PBXBuildFile section */

/* Begin PBXFileReference section */
		160B10DF3B8E5414D087D39C /* Pods-EarthquakeMaker.debug.xcconfig */ = {isa = PBXFileReference; includeInIndex = 1; lastKnownFileType = text.xcconfig; name = "Pods-EarthquakeMaker.debug.xcconfig"; path = "Pods/Target Support Files/Pods-EarthquakeMaker/Pods-EarthquakeMaker.debug.xcconfig"; sourceTree = "<group>"; };
		866A136E206379350008EB94 /* Feature.swift */ = {isa = PBXFileReference; lastKnownFileType = sourcecode.swift; path = Feature.swift; sourceTree = "<group>"; };
		866A13722063805A0008EB94 /* Propertie.swift */ = {isa = PBXFileReference; lastKnownFileType = sourcecode.swift; path = Propertie.swift; sourceTree = "<group>"; };
		866A1374206380700008EB94 /* Geometry.swift */ = {isa = PBXFileReference; lastKnownFileType = sourcecode.swift; path = Geometry.swift; sourceTree = "<group>"; };
		866A13762063823D0008EB94 /* Coordinate.swift */ = {isa = PBXFileReference; lastKnownFileType = sourcecode.swift; path = Coordinate.swift; sourceTree = "<group>"; };
		866A13782063AE670008EB94 /* Earthquake.swift */ = {isa = PBXFileReference; lastKnownFileType = sourcecode.swift; path = Earthquake.swift; sourceTree = "<group>"; };
		86715D4D20625EE8004A7EAD /* EarthquakeMaker.app */ = {isa = PBXFileReference; explicitFileType = wrapper.application; includeInIndex = 0; path = EarthquakeMaker.app; sourceTree = BUILT_PRODUCTS_DIR; };
		86715D5020625EE8004A7EAD /* AppDelegate.swift */ = {isa = PBXFileReference; lastKnownFileType = sourcecode.swift; path = AppDelegate.swift; sourceTree = "<group>"; };
		86715D5520625EE8004A7EAD /* Base */ = {isa = PBXFileReference; lastKnownFileType = file.storyboard; name = Base; path = Base.lproj/Main.storyboard; sourceTree = "<group>"; };
		86715D5720625EE8004A7EAD /* Assets.xcassets */ = {isa = PBXFileReference; lastKnownFileType = folder.assetcatalog; path = Assets.xcassets; sourceTree = "<group>"; };
		86715D5A20625EE8004A7EAD /* Base */ = {isa = PBXFileReference; lastKnownFileType = file.storyboard; name = Base; path = Base.lproj/LaunchScreen.storyboard; sourceTree = "<group>"; };
		86715D5C20625EE8004A7EAD /* Info.plist */ = {isa = PBXFileReference; lastKnownFileType = text.plist.xml; path = Info.plist; sourceTree = "<group>"; };
		86715D6E20628C6E004A7EAD /* EMHomeViewController.swift */ = {isa = PBXFileReference; lastKnownFileType = sourcecode.swift; path = EMHomeViewController.swift; sourceTree = "<group>"; };
		86715D72206296BC004A7EAD /* Constants.swift */ = {isa = PBXFileReference; lastKnownFileType = sourcecode.swift; path = Constants.swift; sourceTree = "<group>"; };
		86715D762062AD56004A7EAD /* EarthquakeCell.swift */ = {isa = PBXFileReference; lastKnownFileType = sourcecode.swift; path = EarthquakeCell.swift; sourceTree = "<group>"; };
		86715D782062AD6B004A7EAD /* MapCell.swift */ = {isa = PBXFileReference; lastKnownFileType = sourcecode.swift; path = MapCell.swift; sourceTree = "<group>"; };
		86715D7A2062ADFC004A7EAD /* EMMapViewController.swift */ = {isa = PBXFileReference; lastKnownFileType = sourcecode.swift; path = EMMapViewController.swift; sourceTree = "<group>"; };
		C8C79A6988D58DE0DC56975C /* Pods_EarthquakeMaker.framework */ = {isa = PBXFileReference; explicitFileType = wrapper.framework; includeInIndex = 0; path = Pods_EarthquakeMaker.framework; sourceTree = BUILT_PRODUCTS_DIR; };
		EE2E2A0F77AEF96328AD8B2C /* Pods-EarthquakeMaker.release.xcconfig */ = {isa = PBXFileReference; includeInIndex = 1; lastKnownFileType = text.xcconfig; name = "Pods-EarthquakeMaker.release.xcconfig"; path = "Pods/Target Support Files/Pods-EarthquakeMaker/Pods-EarthquakeMaker.release.xcconfig"; sourceTree = "<group>"; };
/* End PBXFileReference section */

/* Begin PBXFrameworksBuildPhase section */
		86715D4A20625EE7004A7EAD /* Frameworks */ = {
			isa = PBXFrameworksBuildPhase;
			buildActionMask = 2147483647;
			files = (
				D69A9BB4F050FABC146AC94D /* Pods_EarthquakeMaker.framework in Frameworks */,
			);
			runOnlyForDeploymentPostprocessing = 0;
		};
/* End PBXFrameworksBuildPhase section */

/* Begin PBXGroup section */
		635CB72B8B488525B53614E1 /* Pods */ = {
			isa = PBXGroup;
			children = (
				160B10DF3B8E5414D087D39C /* Pods-EarthquakeMaker.debug.xcconfig */,
				EE2E2A0F77AEF96328AD8B2C /* Pods-EarthquakeMaker.release.xcconfig */,
			);
			name = Pods;
			sourceTree = "<group>";
		};
		86715D4420625EE7004A7EAD = {
			isa = PBXGroup;
			children = (
				86715D4F20625EE8004A7EAD /* EarthquakeMaker */,
				86715D4E20625EE8004A7EAD /* Products */,
				635CB72B8B488525B53614E1 /* Pods */,
				D7D727AE3DC342DF9D7875FE /* Frameworks */,
			);
			sourceTree = "<group>";
		};
		86715D4E20625EE8004A7EAD /* Products */ = {
			isa = PBXGroup;
			children = (
				86715D4D20625EE8004A7EAD /* EarthquakeMaker.app */,
			);
			name = Products;
			sourceTree = "<group>";
		};
		86715D4F20625EE8004A7EAD /* EarthquakeMaker */ = {
			isa = PBXGroup;
			children = (
				86715D6D20626D4B004A7EAD /* Constants */,
				86715D6C20626D4B004A7EAD /* Controllers */,
				86715D6B20626D4B004A7EAD /* Helpers */,
				86715D6A20626D4A004A7EAD /* Models */,
				86715D5020625EE8004A7EAD /* AppDelegate.swift */,
				86715D5420625EE8004A7EAD /* Main.storyboard */,
				86715D5720625EE8004A7EAD /* Assets.xcassets */,
				86715D5920625EE8004A7EAD /* LaunchScreen.storyboard */,
				86715D5C20625EE8004A7EAD /* Info.plist */,
			);
			path = EarthquakeMaker;
			sourceTree = "<group>";
		};
		86715D6A20626D4A004A7EAD /* Models */ = {
			isa = PBXGroup;
			children = (
				866A136E206379350008EB94 /* Feature.swift */,
				866A13722063805A0008EB94 /* Propertie.swift */,
				866A1374206380700008EB94 /* Geometry.swift */,
				866A13762063823D0008EB94 /* Coordinate.swift */,
				866A13782063AE670008EB94 /* Earthquake.swift */,
			);
			path = Models;
			sourceTree = "<group>";
		};
		86715D6B20626D4B004A7EAD /* Helpers */ = {
			isa = PBXGroup;
			children = (
				86715D752062AD1F004A7EAD /* Cells */,
			);
			path = Helpers;
			sourceTree = "<group>";
		};
		86715D6C20626D4B004A7EAD /* Controllers */ = {
			isa = PBXGroup;
			children = (
				86715D6E20628C6E004A7EAD /* EMHomeViewController.swift */,
				86715D7A2062ADFC004A7EAD /* EMMapViewController.swift */,
			);
			path = Controllers;
			sourceTree = "<group>";
		};
		86715D6D20626D4B004A7EAD /* Constants */ = {
			isa = PBXGroup;
			children = (
				86715D72206296BC004A7EAD /* Constants.swift */,
			);
			path = Constants;
			sourceTree = "<group>";
		};
		86715D752062AD1F004A7EAD /* Cells */ = {
			isa = PBXGroup;
			children = (
				86715D762062AD56004A7EAD /* EarthquakeCell.swift */,
				86715D782062AD6B004A7EAD /* MapCell.swift */,
			);
			path = Cells;
			sourceTree = "<group>";
		};
		D7D727AE3DC342DF9D7875FE /* Frameworks */ = {
			isa = PBXGroup;
			children = (
				C8C79A6988D58DE0DC56975C /* Pods_EarthquakeMaker.framework */,
			);
			name = Frameworks;
			sourceTree = "<group>";
		};
/* End PBXGroup section */

/* Begin PBXNativeTarget section */
		86715D4C20625EE7004A7EAD /* EarthquakeMaker */ = {
			isa = PBXNativeTarget;
			buildConfigurationList = 86715D5F20625EE8004A7EAD /* Build configuration list for PBXNativeTarget "EarthquakeMaker" */;
			buildPhases = (
				D9C627619C5708E4BB1402C8 /* [CP] Check Pods Manifest.lock */,
				86715D4920625EE7004A7EAD /* Sources */,
				86715D4A20625EE7004A7EAD /* Frameworks */,
				86715D4B20625EE7004A7EAD /* Resources */,
				D9CF48DED83AF8DE990621AD /* [CP] Embed Pods Frameworks */,
				81B1174B55E162ADBB75C545 /* [CP] Copy Pods Resources */,
			);
			buildRules = (
			);
			dependencies = (
			);
			name = EarthquakeMaker;
			productName = EarthquakeMaker;
			productReference = 86715D4D20625EE8004A7EAD /* EarthquakeMaker.app */;
			productType = "com.apple.product-type.application";
		};
/* End PBXNativeTarget section */

/* Begin PBXProject section */
		86715D4520625EE7004A7EAD /* Project object */ = {
			isa = PBXProject;
			attributes = {
				LastSwiftUpdateCheck = 0920;
				LastUpgradeCheck = 0920;
				ORGANIZATIONNAME = Ishan;
				TargetAttributes = {
					86715D4C20625EE7004A7EAD = {
						CreatedOnToolsVersion = 9.2;
						ProvisioningStyle = Automatic;
					};
				};
			};
			buildConfigurationList = 86715D4820625EE7004A7EAD /* Build configuration list for PBXProject "EarthquakeMaker" */;
			compatibilityVersion = "Xcode 8.0";
			developmentRegion = en;
			hasScannedForEncodings = 0;
			knownRegions = (
				en,
				Base,
			);
			mainGroup = 86715D4420625EE7004A7EAD;
			productRefGroup = 86715D4E20625EE8004A7EAD /* Products */;
			projectDirPath = "";
			projectRoot = "";
			targets = (
				86715D4C20625EE7004A7EAD /* EarthquakeMaker */,
			);
		};
/* End PBXProject section */

/* Begin PBXResourcesBuildPhase section */
		86715D4B20625EE7004A7EAD /* Resources */ = {
			isa = PBXResourcesBuildPhase;
			buildActionMask = 2147483647;
			files = (
				86715D5B20625EE8004A7EAD /* LaunchScreen.storyboard in Resources */,
				86715D5820625EE8004A7EAD /* Assets.xcassets in Resources */,
				86715D5620625EE8004A7EAD /* Main.storyboard in Resources */,
			);
			runOnlyForDeploymentPostprocessing = 0;
		};
/* End PBXResourcesBuildPhase section */

/* Begin PBXShellScriptBuildPhase section */
		81B1174B55E162ADBB75C545 /* [CP] Copy Pods Resources */ = {
			isa = PBXShellScriptBuildPhase;
			buildActionMask = 2147483647;
			files = (
			);
			inputPaths = (
			);
			name = "[CP] Copy Pods Resources";
			outputPaths = (
			);
			runOnlyForDeploymentPostprocessing = 0;
			shellPath = /bin/sh;
			shellScript = "\"${SRCROOT}/Pods/Target Support Files/Pods-EarthquakeMaker/Pods-EarthquakeMaker-resources.sh\"\n";
			showEnvVarsInLog = 0;
		};
		D9C627619C5708E4BB1402C8 /* [CP] Check Pods Manifest.lock */ = {
			isa = PBXShellScriptBuildPhase;
			buildActionMask = 2147483647;
			files = (
			);
			inputPaths = (
				"${PODS_PODFILE_DIR_PATH}/Podfile.lock",
				"${PODS_ROOT}/Manifest.lock",
			);
			name = "[CP] Check Pods Manifest.lock";
			outputPaths = (
				"$(DERIVED_FILE_DIR)/Pods-EarthquakeMaker-checkManifestLockResult.txt",
			);
			runOnlyForDeploymentPostprocessing = 0;
			shellPath = /bin/sh;
			shellScript = "diff \"${PODS_PODFILE_DIR_PATH}/Podfile.lock\" \"${PODS_ROOT}/Manifest.lock\" > /dev/null\nif [ $? != 0 ] ; then\n    # print error to STDERR\n    echo \"error: The sandbox is not in sync with the Podfile.lock. Run 'pod install' or update your CocoaPods installation.\" >&2\n    exit 1\nfi\n# This output is used by Xcode 'outputs' to avoid re-running this script phase.\necho \"SUCCESS\" > \"${SCRIPT_OUTPUT_FILE_0}\"\n";
			showEnvVarsInLog = 0;
		};
		D9CF48DED83AF8DE990621AD /* [CP] Embed Pods Frameworks */ = {
			isa = PBXShellScriptBuildPhase;
			buildActionMask = 2147483647;
			files = (
			);
			inputPaths = (
				"${SRCROOT}/Pods/Target Support Files/Pods-EarthquakeMaker/Pods-EarthquakeMaker-frameworks.sh",
				"${BUILT_PRODUCTS_DIR}/Alamofire/Alamofire.framework",
				"${BUILT_PRODUCTS_DIR}/AlamofireObjectMapper/AlamofireObjectMapper.framework",
				"${BUILT_PRODUCTS_DIR}/ObjectMapper/ObjectMapper.framework",
				"${BUILT_PRODUCTS_DIR}/SwiftyJSON/SwiftyJSON.framework",
			);
			name = "[CP] Embed Pods Frameworks";
			outputPaths = (
				"${TARGET_BUILD_DIR}/${FRAMEWORKS_FOLDER_PATH}/Alamofire.framework",
				"${TARGET_BUILD_DIR}/${FRAMEWORKS_FOLDER_PATH}/AlamofireObjectMapper.framework",
				"${TARGET_BUILD_DIR}/${FRAMEWORKS_FOLDER_PATH}/ObjectMapper.framework",
				"${TARGET_BUILD_DIR}/${FRAMEWORKS_FOLDER_PATH}/SwiftyJSON.framework",
			);
			runOnlyForDeploymentPostprocessing = 0;
			shellPath = /bin/sh;
			shellScript = "\"${SRCROOT}/Pods/Target Support Files/Pods-EarthquakeMaker/Pods-EarthquakeMaker-frameworks.sh\"\n";
			showEnvVarsInLog = 0;
		};
/* End PBXShellScriptBuildPhase section */

/* Begin PBXSourcesBuildPhase section */
		86715D4920625EE7004A7EAD /* Sources */ = {
			isa = PBXSourcesBuildPhase;
			buildActionMask = 2147483647;
			files = (
				866A13732063805A0008EB94 /* Propertie.swift in Sources */,
				86715D6F20628C6E004A7EAD /* EMHomeViewController.swift in Sources */,
				866A136F206379350008EB94 /* Feature.swift in Sources */,
				86715D5120625EE8004A7EAD /* AppDelegate.swift in Sources */,
				866A13792063AE670008EB94 /* Earthquake.swift in Sources */,
				86715D772062AD56004A7EAD /* EarthquakeCell.swift in Sources */,
				86715D7B2062ADFC004A7EAD /* EMMapViewController.swift in Sources */,
				86715D73206296BC004A7EAD /* Constants.swift in Sources */,
				866A1375206380700008EB94 /* Geometry.swift in Sources */,
				86715D792062AD6B004A7EAD /* MapCell.swift in Sources */,
				866A13772063823D0008EB94 /* Coordinate.swift in Sources */,
			);
			runOnlyForDeploymentPostprocessing = 0;
		};
/* End PBXSourcesBuildPhase section */

/* Begin PBXVariantGroup section */
		86715D5420625EE8004A7EAD /* Main.storyboard */ = {
			isa = PBXVariantGroup;
			children = (
				86715D5520625EE8004A7EAD /* Base */,
			);
			name = Main.storyboard;
			sourceTree = "<group>";
		};
		86715D5920625EE8004A7EAD /* LaunchScreen.storyboard */ = {
			isa = PBXVariantGroup;
			children = (
				86715D5A20625EE8004A7EAD /* Base */,
			);
			name = LaunchScreen.storyboard;
			sourceTree = "<group>";
		};
/* End PBXVariantGroup section */

/* Begin XCBuildConfiguration section */
		86715D5D20625EE8004A7EAD /* Debug */ = {
			isa = XCBuildConfiguration;
			buildSettings = {
				ALWAYS_SEARCH_USER_PATHS = NO;
				CLANG_ANALYZER_NONNULL = YES;
				CLANG_ANALYZER_NUMBER_OBJECT_CONVERSION = YES_AGGRESSIVE;
				CLANG_CXX_LANGUAGE_STANDARD = "gnu++14";
				CLANG_CXX_LIBRARY = "libc++";
				CLANG_ENABLE_MODULES = YES;
				CLANG_ENABLE_OBJC_ARC = YES;
				CLANG_WARN_BLOCK_CAPTURE_AUTORELEASING = YES;
				CLANG_WARN_BOOL_CONVERSION = YES;
				CLANG_WARN_COMMA = YES;
				CLANG_WARN_CONSTANT_CONVERSION = YES;
				CLANG_WARN_DIRECT_OBJC_ISA_USAGE = YES_ERROR;
				CLANG_WARN_DOCUMENTATION_COMMENTS = YES;
				CLANG_WARN_EMPTY_BODY = YES;
				CLANG_WARN_ENUM_CONVERSION = YES;
				CLANG_WARN_INFINITE_RECURSION = YES;
				CLANG_WARN_INT_CONVERSION = YES;
				CLANG_WARN_NON_LITERAL_NULL_CONVERSION = YES;
				CLANG_WARN_OBJC_LITERAL_CONVERSION = YES;
				CLANG_WARN_OBJC_ROOT_CLASS = YES_ERROR;
				CLANG_WARN_RANGE_LOOP_ANALYSIS = YES;
				CLANG_WARN_STRICT_PROTOTYPES = YES;
				CLANG_WARN_SUSPICIOUS_MOVE = YES;
				CLANG_WARN_UNGUARDED_AVAILABILITY = YES_AGGRESSIVE;
				CLANG_WARN_UNREACHABLE_CODE = YES;
				CLANG_WARN__DUPLICATE_METHOD_MATCH = YES;
				CODE_SIGN_IDENTITY = "iPhone Developer";
				COPY_PHASE_STRIP = NO;
				DEBUG_INFORMATION_FORMAT = dwarf;
				ENABLE_STRICT_OBJC_MSGSEND = YES;
				ENABLE_TESTABILITY = YES;
				GCC_C_LANGUAGE_STANDARD = gnu11;
				GCC_DYNAMIC_NO_PIC = NO;
				GCC_NO_COMMON_BLOCKS = YES;
				GCC_OPTIMIZATION_LEVEL = 0;
				GCC_PREPROCESSOR_DEFINITIONS = (
					"DEBUG=1",
					"$(inherited)",
				);
				GCC_WARN_64_TO_32_BIT_CONVERSION = YES;
				GCC_WARN_ABOUT_RETURN_TYPE = YES_ERROR;
				GCC_WARN_UNDECLARED_SELECTOR = YES;
				GCC_WARN_UNINITIALIZED_AUTOS = YES_AGGRESSIVE;
				GCC_WARN_UNUSED_FUNCTION = YES;
				GCC_WARN_UNUSED_VARIABLE = YES;
				IPHONEOS_DEPLOYMENT_TARGET = 11.2;
				MTL_ENABLE_DEBUG_INFO = YES;
				ONLY_ACTIVE_ARCH = YES;
				SDKROOT = iphoneos;
				SWIFT_ACTIVE_COMPILATION_CONDITIONS = DEBUG;
				SWIFT_OPTIMIZATION_LEVEL = "-Onone";
			};
			name = Debug;
		};
		86715D5E20625EE8004A7EAD /* Release */ = {
			isa = XCBuildConfiguration;
			buildSettings = {
				ALWAYS_SEARCH_USER_PATHS = NO;
				CLANG_ANALYZER_NONNULL = YES;
				CLANG_ANALYZER_NUMBER_OBJECT_CONVERSION = YES_AGGRESSIVE;
				CLANG_CXX_LANGUAGE_STANDARD = "gnu++14";
				CLANG_CXX_LIBRARY = "libc++";
				CLANG_ENABLE_MODULES = YES;
				CLANG_ENABLE_OBJC_ARC = YES;
				CLANG_WARN_BLOCK_CAPTURE_AUTORELEASING = YES;
				CLANG_WARN_BOOL_CONVERSION = YES;
				CLANG_WARN_COMMA = YES;
				CLANG_WARN_CONSTANT_CONVERSION = YES;
				CLANG_WARN_DIRECT_OBJC_ISA_USAGE = YES_ERROR;
				CLANG_WARN_DOCUMENTATION_COMMENTS = YES;
				CLANG_WARN_EMPTY_BODY = YES;
				CLANG_WARN_ENUM_CONVERSION = YES;
				CLANG_WARN_INFINITE_RECURSION = YES;
				CLANG_WARN_INT_CONVERSION = YES;
				CLANG_WARN_NON_LITERAL_NULL_CONVERSION = YES;
				CLANG_WARN_OBJC_LITERAL_CONVERSION = YES;
				CLANG_WARN_OBJC_ROOT_CLASS = YES_ERROR;
				CLANG_WARN_RANGE_LOOP_ANALYSIS = YES;
				CLANG_WARN_STRICT_PROTOTYPES = YES;
				CLANG_WARN_SUSPICIOUS_MOVE = YES;
				CLANG_WARN_UNGUARDED_AVAILABILITY = YES_AGGRESSIVE;
				CLANG_WARN_UNREACHABLE_CODE = YES;
				CLANG_WARN__DUPLICATE_METHOD_MATCH = YES;
				CODE_SIGN_IDENTITY = "iPhone Developer";
				COPY_PHASE_STRIP = NO;
				DEBUG_INFORMATION_FORMAT = "dwarf-with-dsym";
				ENABLE_NS_ASSERTIONS = NO;
				ENABLE_STRICT_OBJC_MSGSEND = YES;
				GCC_C_LANGUAGE_STANDARD = gnu11;
				GCC_NO_COMMON_BLOCKS = YES;
				GCC_WARN_64_TO_32_BIT_CONVERSION = YES;
				GCC_WARN_ABOUT_RETURN_TYPE = YES_ERROR;
				GCC_WARN_UNDECLARED_SELECTOR = YES;
				GCC_WARN_UNINITIALIZED_AUTOS = YES_AGGRESSIVE;
				GCC_WARN_UNUSED_FUNCTION = YES;
				GCC_WARN_UNUSED_VARIABLE = YES;
				IPHONEOS_DEPLOYMENT_TARGET = 11.2;
				MTL_ENABLE_DEBUG_INFO = NO;
				SDKROOT = iphoneos;
				SWIFT_OPTIMIZATION_LEVEL = "-Owholemodule";
				VALIDATE_PRODUCT = YES;
			};
			name = Release;
		};
		86715D6020625EE8004A7EAD /* Debug */ = {
			isa = XCBuildConfiguration;
			baseConfigurationReference = 160B10DF3B8E5414D087D39C /* Pods-EarthquakeMaker.debug.xcconfig */;
			buildSettings = {
				ASSETCATALOG_COMPILER_APPICON_NAME = AppIcon;
				CODE_SIGN_STYLE = Automatic;
				DEVELOPMENT_TEAM = 2J5PF7BJBS;
				INFOPLIST_FILE = EarthquakeMaker/Info.plist;
				LD_RUNPATH_SEARCH_PATHS = "$(inherited) @executable_path/Frameworks";
				PRODUCT_BUNDLE_IDENTIFIER = com.Ishan.EarthquakeMaker;
				PRODUCT_NAME = "$(TARGET_NAME)";
				SWIFT_VERSION = 4.0;
				TARGETED_DEVICE_FAMILY = "1,2";
			};
			name = Debug;
		};
		86715D6120625EE8004A7EAD /* Release */ = {
			isa = XCBuildConfiguration;
			baseConfigurationReference = EE2E2A0F77AEF96328AD8B2C /* Pods-EarthquakeMaker.release.xcconfig */;
			buildSettings = {
				ASSETCATALOG_COMPILER_APPICON_NAME = AppIcon;
				CODE_SIGN_STYLE = Automatic;
				DEVELOPMENT_TEAM = 2J5PF7BJBS;
				INFOPLIST_FILE = EarthquakeMaker/Info.plist;
				LD_RUNPATH_SEARCH_PATHS = "$(inherited) @executable_path/Frameworks";
				PRODUCT_BUNDLE_IDENTIFIER = com.Ishan.EarthquakeMaker;
				PRODUCT_NAME = "$(TARGET_NAME)";
				SWIFT_VERSION = 4.0;
				TARGETED_DEVICE_FAMILY = "1,2";
			};
			name = Release;
		};
/* End XCBuildConfiguration section */

/* Begin XCConfigurationList section */
		86715D4820625EE7004A7EAD /* Build configuration list for PBXProject "EarthquakeMaker" */ = {
			isa = XCConfigurationList;
			buildConfigurations = (
				86715D5D20625EE8004A7EAD /* Debug */,
				86715D5E20625EE8004A7EAD /* Release */,
			);
			defaultConfigurationIsVisible = 0;
			defaultConfigurationName = Release;
		};
		86715D5F20625EE8004A7EAD /* Build configuration list for PBXNativeTarget "EarthquakeMaker" */ = {
			isa = XCConfigurationList;
			buildConfigurations = (
				86715D6020625EE8004A7EAD /* Debug */,
				86715D6120625EE8004A7EAD /* Release */,
			);
			defaultConfigurationIsVisible = 0;
			defaultConfigurationName = Release;
		};
/* End XCConfigurationList section */
	};
	rootObject = 86715D4520625EE7004A7EAD /* Project object */;
}
